{
  "name": "mgenware-tsconfig-node-x",
  "version": "16.3.0",
  "lockfileVersion": 2,
  "requires": true,
  "packages": {
    "": {
      "name": "mgenware-tsconfig-node-x",
      "version": "16.3.0",
      "license": "MIT",
      "dependencies": {
        "mgenware-tsconfig-core": "^14.0.0"
      }
    },
    "node_modules/mgenware-tsconfig-core": {
      "version": "14.0.0",
      "resolved": "https://registry.npmjs.org/mgenware-tsconfig-core/-/mgenware-tsconfig-core-14.0.0.tgz",
      "integrity": "sha512-l5fhTfBjnIRzjRoBVJmYq14Xu0DtuvqYH32DOj9l4RU274thEmF6e0oc0n3flXw6yi2pCxU8aFRZaQF807ZzsQ=="
    }
  },
  "dependencies": {
    "mgenware-tsconfig-core": {
      "version": "14.0.0",
      "resolved": "https://registry.npmjs.org/mgenware-tsconfig-core/-/mgenware-tsconfig-core-14.0.0.tgz",
      "integrity": "sha512-l5fhTfBjnIRzjRoBVJmYq14Xu0DtuvqYH32DOj9l4RU274thEmF6e0oc0n3flXw6yi2pCxU8aFRZaQF807ZzsQ=="
    }
  }
}
